Microsoft Visual Studio Solution File, Format Version 11.00
# Visual Studio 2008

Project("{6EF650B5-226C-6B57-0DC8-D6023736372D}") = "Buddy Toss", "Assembly-CSharp-firstpass.csproj", "{671E5FEC-F44D-B61B-11BA-874009BD51EB}"
EndProject
Project("{6EF650B5-226C-6B57-0DC8-D6023736372D}") = "Buddy Toss", "Assembly-CSharp.csproj", "{E7B9AF98-7D1D-1FC6-3AFE-66EC7665B289}"
EndProject
Project("{6EF650B5-226C-6B57-0DC8-D6023736372D}") = "Buddy Toss", "Assembly-CSharp-Editor.csproj", "{74EE50DA-A7CE-AA01-40DF-F2662D046C24}"
EndProject
Project("{6EF650B5-226C-6B57-0DC8-D6023736372D}") = "Buddy Toss", "Assembly-UnityScript.unityproj", "{DECE2A4E-8F5D-BFFF-8A0B-F2A11BE92036}"
EndProject
Global
	GlobalSection(SolutionConfigurationPlatforms) = preSolution
		Debug|Any CPU = Debug|Any CPU
		Release|Any CPU = Release|Any CPU
	EndGlobalSection
	GlobalSection(ProjectConfigurationPlatforms) = postSolution
		{671E5FEC-F44D-B61B-11BA-874009BD51EB}.Debug|Any CPU.ActiveCfg = Debug|Any CPU
		{671E5FEC-F44D-B61B-11BA-874009BD51EB}.Debug|Any CPU.Build.0 = Debug|Any CPU
		{671E5FEC-F44D-B61B-11BA-874009BD51EB}.Release|Any CPU.ActiveCfg = Release|Any CPU
		{671E5FEC-F44D-B61B-11BA-874009BD51EB}.Release|Any CPU.Build.0 = Release|Any CPU
		{E7B9AF98-7D1D-1FC6-3AFE-66EC7665B289}.Debug|Any CPU.ActiveCfg = Debug|Any CPU
		{E7B9AF98-7D1D-1FC6-3AFE-66EC7665B289}.Debug|Any CPU.Build.0 = Debug|Any CPU
		{E7B9AF98-7D1D-1FC6-3AFE-66EC7665B289}.Release|Any CPU.ActiveCfg = Release|Any CPU
		{E7B9AF98-7D1D-1FC6-3AFE-66EC7665B289}.Release|Any CPU.Build.0 = Release|Any CPU
		{74EE50DA-A7CE-AA01-40DF-F2662D046C24}.Debug|Any CPU.ActiveCfg = Debug|Any CPU
		{74EE50DA-A7CE-AA01-40DF-F2662D046C24}.Debug|Any CPU.Build.0 = Debug|Any CPU
		{74EE50DA-A7CE-AA01-40DF-F2662D046C24}.Release|Any CPU.ActiveCfg = Release|Any CPU
		{74EE50DA-A7CE-AA01-40DF-F2662D046C24}.Release|Any CPU.Build.0 = Release|Any CPU
		{DECE2A4E-8F5D-BFFF-8A0B-F2A11BE92036}.Debug|Any CPU.ActiveCfg = Debug|Any CPU
		{DECE2A4E-8F5D-BFFF-8A0B-F2A11BE92036}.Debug|Any CPU.Build.0 = Debug|Any CPU
		{DECE2A4E-8F5D-BFFF-8A0B-F2A11BE92036}.Release|Any CPU.ActiveCfg = Release|Any CPU
		{DECE2A4E-8F5D-BFFF-8A0B-F2A11BE92036}.Release|Any CPU.Build.0 = Release|Any CPU
	EndGlobalSection
	GlobalSection(SolutionProperties) = preSolution
		HideSolutionNode = FALSE
	EndGlobalSection
																																																																																																					GlobalSection(MonoDevelopProperties) = preSolution
		StartupItem = Assembly-CSharp.csproj
		Policies = $0
		$0.TextStylePolicy = $1
		$1.inheritsSet = null
		$1.scope = text/x-csharp
		$0.CSharpFormattingPolicy = $2
		$2.inheritsSet = Mono
		$2.inheritsScope = text/x-csharp
		$2.scope = text/x-csharp
		$0.TextStylePolicy = $3
		$3.FileWidth = 120
		$3.TabWidth = 4
		$3.IndentWidth = 4
		$3.EolMarker = Unix
		$3.inheritsSet = Mono
		$3.inheritsScope = text/plain
		$3.scope = text/plain
	EndGlobalSection

EndGlobal
